// !$*UTF8*$!
{
	archiveVersion = 1;
	classes = {
	};
	objectVersion = 50;
	objects = {

/* Begin PBXBuildFile section */
		AA02B2DD2203B2C900FE5DA3 /* AppDelegate.swift in Sources */ = {isa = PBXBuildFile; fileRef = AA02B2DC2203B2C900FE5DA3 /* AppDelegate.swift */; };
		AA02B2DF2203B2C900FE5DA3 /* CustomersViewController.swift in Sources */ = {isa = PBXBuildFile; fileRef = AA02B2DE2203B2C900FE5DA3 /* CustomersViewController.swift */; };
		AA02B2E22203B2C900FE5DA3 /* Main.storyboard in Resources */ = {isa = PBXBuildFile; fileRef = AA02B2E02203B2C900FE5DA3 /* Main.storyboard */; };
		AA02B2E42203B2D200FE5DA3 /* Assets.xcassets in Resources */ = {isa = PBXBuildFile; fileRef = AA02B2E32203B2D200FE5DA3 /* Assets.xcassets */; };
		AA02B2E72203B2D200FE5DA3 /* LaunchScreen.storyboard in Resources */ = {isa = PBXBuildFile; fileRef = AA02B2E52203B2D200FE5DA3 /* LaunchScreen.storyboard */; };
		AA02B2F22203B2D300FE5DA3 /* CustomerRecordsTests.swift in Sources */ = {isa = PBXBuildFile; fileRef = AA02B2F12203B2D300FE5DA3 /* CustomerRecordsTests.swift */; };
		AA02B3012203B44600FE5DA3 /* customers.txt in Resources */ = {isa = PBXBuildFile; fileRef = AA02B3002203B44600FE5DA3 /* customers.txt */; };
		AA060143220534B500540240 /* CustomerViewCell.swift in Sources */ = {isa = PBXBuildFile; fileRef = AA060142220534B500540240 /* CustomerViewCell.swift */; };
/* End PBXBuildFile section */

/* Begin PBXContainerItemProxy section */
		AA02B2EE2203B2D300FE5DA3 /* PBXContainerItemProxy */ = {
			isa = PBXContainerItemProxy;
			containerPortal = AA02B2D12203B2C900FE5DA3 /* Project object */;
			proxyType = 1;
			remoteGlobalIDString = AA02B2D82203B2C900FE5DA3;
			remoteInfo = CustomerRecords;
		};
/* End PBXContainerItemProxy section */

/* Begin PBXFileReference section */
		AA02B2D92203B2C900FE5DA3 /* CustomerRecords.app */ = {isa = PBXFileReference; explicitFileType = wrapper.application; includeInIndex = 0; path = CustomerRecords.app; sourceTree = BUILT_PRODUCTS_DIR; };
		AA02B2DC2203B2C900FE5DA3 /* AppDelegate.swift */ = {isa = PBXFileReference; lastKnownFileType = sourcecode.swift; path = AppDelegate.swift; sourceTree = "<group>"; };
		AA02B2DE2203B2C900FE5DA3 /* CustomersViewController.swift */ = {isa = PBXFileReference; lastKnownFileType = sourcecode.swift; path = CustomersViewController.swift; sourceTree = "<group>"; };
		AA02B2E12203B2C900FE5DA3 /* Base */ = {isa = PBXFileReference; lastKnownFileType = file.storyboard; name = Base; path = Base.lproj/Main.storyboard; sourceTree = "<group>"; };
		AA02B2E32203B2D200FE5DA3 /* Assets.xcassets */ = {isa = PBXFileReference; lastKnownFileType = folder.assetcatalog; path = Assets.xcassets; sourceTree = "<group>"; };
		AA02B2E62203B2D200FE5DA3 /* Base */ = {isa = PBXFileReference; lastKnownFileType = file.storyboard; name = Base; path = Base.lproj/LaunchScreen.storyboard; sourceTree = "<group>"; };
		AA02B2E82203B2D200FE5DA3 /* Info.plist */ = {isa = PBXFileReference; lastKnownFileType = text.plist.xml; path = Info.plist; sourceTree = "<group>"; };
		AA02B2ED2203B2D300FE5DA3 /* CustomerRecordsTests.xctest */ = {isa = PBXFileReference; explicitFileType = wrapper.cfbundle; includeInIndex = 0; path = CustomerRecordsTests.xctest; sourceTree = BUILT_PRODUCTS_DIR; };
		AA02B2F12203B2D300FE5DA3 /* CustomerRecordsTests.swift */ = {isa = PBXFileReference; lastKnownFileType = sourcecode.swift; path = CustomerRecordsTests.swift; sourceTree = "<group>"; };
		AA02B2F32203B2D300FE5DA3 /* Info.plist */ = {isa = PBXFileReference; lastKnownFileType = text.plist.xml; path = Info.plist; sourceTree = "<group>"; };
		AA02B3002203B44600FE5DA3 /* customers.txt */ = {isa = PBXFileReference; fileEncoding = 4; lastKnownFileType = text; path = customers.txt; sourceTree = "<group>"; };
		AA060142220534B500540240 /* CustomerViewCell.swift */ = {isa = PBXFileReference; lastKnownFileType = sourcecode.swift; path = CustomerViewCell.swift; sourceTree = "<group>"; };
/* End PBXFileReference section */

/* Begin PBXFrameworksBuildPhase section */
		AA02B2D62203B2C900FE5DA3 /* Frameworks */ = {
			isa = PBXFrameworksBuildPhase;
			buildActionMask = 2147483647;
			files = (
			);
			runOnlyForDeploymentPostprocessing = 0;
		};
		AA02B2EA2203B2D300FE5DA3 /* Frameworks */ = {
			isa = PBXFrameworksBuildPhase;
			buildActionMask = 2147483647;
			files = (
			);
			runOnlyForDeploymentPostprocessing = 0;
		};
/* End PBXFrameworksBuildPhase section */

/* Begin PBXGroup section */
		AA02B2D02203B2C900FE5DA3 = {
			isa = PBXGroup;
			children = (
				AA02B2DB2203B2C900FE5DA3 /* CustomerRecords */,
				AA02B2F02203B2D300FE5DA3 /* CustomerRecordsTests */,
				AA02B2DA2203B2C900FE5DA3 /* Products */,
			);
			sourceTree = "<group>";
		};
		AA02B2DA2203B2C900FE5DA3 /* Products */ = {
			isa = PBXGroup;
			children = (
				AA02B2D92203B2C900FE5DA3 /* CustomerRecords.app */,
				AA02B2ED2203B2D300FE5DA3 /* CustomerRecordsTests.xctest */,
			);
			name = Products;
			sourceTree = "<group>";
		};
		AA02B2DB2203B2C900FE5DA3 /* CustomerRecords */ = {
			isa = PBXGroup;
			children = (
				AA02B2FF2203B3F800FE5DA3 /* Resource */,
				AA02B2FE2203B2EF00FE5DA3 /* Model */,
				AA02B2FD2203B2EC00FE5DA3 /* View */,
				AA02B2FC2203B2E800FE5DA3 /* ViewModel */,
				AA02B2DC2203B2C900FE5DA3 /* AppDelegate.swift */,
				AA02B2E02203B2C900FE5DA3 /* Main.storyboard */,
				AA02B2E32203B2D200FE5DA3 /* Assets.xcassets */,
				AA02B2E52203B2D200FE5DA3 /* LaunchScreen.storyboard */,
				AA02B2E82203B2D200FE5DA3 /* Info.plist */,
			);
			path = CustomerRecords;
			sourceTree = "<group>";
		};
		AA02B2F02203B2D300FE5DA3 /* CustomerRecordsTests */ = {
			isa = PBXGroup;
			children = (
				AA02B2F12203B2D300FE5DA3 /* CustomerRecordsTests.swift */,
				AA02B2F32203B2D300FE5DA3 /* Info.plist */,
			);
			path = CustomerRecordsTests;
			sourceTree = "<group>";
		};
		AA02B2FC2203B2E800FE5DA3 /* ViewModel */ = {
			isa = PBXGroup;
			children = (
			);
			path = ViewModel;
			sourceTree = "<group>";
		};
		AA02B2FD2203B2EC00FE5DA3 /* View */ = {
			isa = PBXGroup;
			children = (
				AA0601412205348400540240 /* ViewCell */,
				AA02B2DE2203B2C900FE5DA3 /* CustomersViewController.swift */,
			);
			path = View;
			sourceTree = "<group>";
		};
		AA02B2FE2203B2EF00FE5DA3 /* Model */ = {
			isa = PBXGroup;
			children = (
			);
			path = Model;
			sourceTree = "<group>";
		};
		AA02B2FF2203B3F800FE5DA3 /* Resource */ = {
			isa = PBXGroup;
			children = (
				AA02B3002203B44600FE5DA3 /* customers.txt */,
			);
			path = Resource;
			sourceTree = "<group>";
		};
		AA0601412205348400540240 /* ViewCell */ = {
			isa = PBXGroup;
			children = (
				AA060142220534B500540240 /* CustomerViewCell.swift */,
			);
			path = ViewCell;
			sourceTree = "<group>";
		};
/* End PBXGroup section */

/* Begin PBXNativeTarget section */
		AA02B2D82203B2C900FE5DA3 /* CustomerRecords */ = {
			isa = PBXNativeTarget;
			buildConfigurationList = AA02B2F62203B2D300FE5DA3 /* Build configuration list for PBXNativeTarget "CustomerRecords" */;
			buildPhases = (
				AA02B2D52203B2C900FE5DA3 /* Sources */,
				AA02B2D62203B2C900FE5DA3 /* Frameworks */,
				AA02B2D72203B2C900FE5DA3 /* Resources */,
			);
			buildRules = (
			);
			dependencies = (
			);
			name = CustomerRecords;
			productName = CustomerRecords;
			productReference = AA02B2D92203B2C900FE5DA3 /* CustomerRecords.app */;
			productType = "com.apple.product-type.application";
		};
		AA02B2EC2203B2D300FE5DA3 /* CustomerRecordsTests */ = {
			isa = PBXNativeTarget;
			buildConfigurationList = AA02B2F92203B2D300FE5DA3 /* Build configuration list for PBXNativeTarget "CustomerRecordsTests" */;
			buildPhases = (
				AA02B2E92203B2D300FE5DA3 /* Sources */,
				AA02B2EA2203B2D300FE5DA3 /* Frameworks */,
				AA02B2EB2203B2D300FE5DA3 /* Resources */,
			);
			buildRules = (
			);
			dependencies = (
				AA02B2EF2203B2D300FE5DA3 /* PBXTargetDependency */,
			);
			name = CustomerRecordsTests;
			productName = CustomerRecordsTests;
			productReference = AA02B2ED2203B2D300FE5DA3 /* CustomerRecordsTests.xctest */;
			productType = "com.apple.product-type.bundle.unit-test";
		};
/* End PBXNativeTarget section */

/* Begin PBXProject section */
		AA02B2D12203B2C900FE5DA3 /* Project object */ = {
			isa = PBXProject;
			attributes = {
				LastSwiftUpdateCheck = 1010;
				LastUpgradeCheck = 1010;
				ORGANIZATIONNAME = "Christian Huang";
				TargetAttributes = {
					AA02B2D82203B2C900FE5DA3 = {
						CreatedOnToolsVersion = 10.1;
					};
					AA02B2EC2203B2D300FE5DA3 = {
						CreatedOnToolsVersion = 10.1;
						TestTargetID = AA02B2D82203B2C900FE5DA3;
					};
				};
			};
			buildConfigurationList = AA02B2D42203B2C900FE5DA3 /* Build configuration list for PBXProject "CustomerRecords" */;
			compatibilityVersion = "Xcode 9.3";
			developmentRegion = en;
			hasScannedForEncodings = 0;
			knownRegions = (
				en,
				Base,
			);
			mainGroup = AA02B2D02203B2C900FE5DA3;
			productRefGroup = AA02B2DA2203B2C900FE5DA3 /* Products */;
			projectDirPath = "";
			projectRoot = "";
			targets = (
				AA02B2D82203B2C900FE5DA3 /* CustomerRecords */,
				AA02B2EC2203B2D300FE5DA3 /* CustomerRecordsTests */,
			);
		};
/* End PBXProject section */

/* Begin PBXResourcesBuildPhase section */
		AA02B2D72203B2C900FE5DA3 /* Resources */ = {
			isa = PBXResourcesBuildPhase;
			buildActionMask = 2147483647;
			files = (
				AA02B3012203B44600FE5DA3 /* customers.txt in Resources */,
				AA02B2E72203B2D200FE5DA3 /* LaunchScreen.storyboard in Resources */,
				AA02B2E42203B2D200FE5DA3 /* Assets.xcassets in Resources */,
				AA02B2E22203B2C900FE5DA3 /* Main.storyboard in Resources */,
			);
			runOnlyForDeploymentPostprocessing = 0;
		};
		AA02B2EB2203B2D300FE5DA3 /* Resources */ = {
			isa = PBXResourcesBuildPhase;
			buildActionMask = 2147483647;
			files = (
			);
			runOnlyForDeploymentPostprocessing = 0;
		};
/* End PBXResourcesBuildPhase section */

/* Begin PBXSourcesBuildPhase section */
		AA02B2D52203B2C900FE5DA3 /* Sources */ = {
			isa = PBXSourcesBuildPhase;
			buildActionMask = 2147483647;
			files = (
				AA060143220534B500540240 /* CustomerViewCell.swift in Sources */,
				AA02B2DF2203B2C900FE5DA3 /* CustomersViewController.swift in Sources */,
				AA02B2DD2203B2C900FE5DA3 /* AppDelegate.swift in Sources */,
			);
			runOnlyForDeploymentPostprocessing = 0;
		};
		AA02B2E92203B2D300FE5DA3 /* Sources */ = {
			isa = PBXSourcesBuildPhase;
			buildActionMask = 2147483647;
			files = (
				AA02B2F22203B2D300FE5DA3 /* CustomerRecordsTests.swift in Sources */,
			);
			runOnlyForDeploymentPostprocessing = 0;
		};
/* End PBXSourcesBuildPhase section */

/* Begin PBXTargetDependency section */
		AA02B2EF2203B2D300FE5DA3 /* PBXTargetDependency */ = {
			isa = PBXTargetDependency;
			target = AA02B2D82203B2C900FE5DA3 /* CustomerRecords */;
			targetProxy = AA02B2EE2203B2D300FE5DA3 /* PBXContainerItemProxy */;
		};
/* End PBXTargetDependency section */

/* Begin PBXVariantGroup section */
		AA02B2E02203B2C900FE5DA3 /* Main.storyboard */ = {
			isa = PBXVariantGroup;
			children = (
				AA02B2E12203B2C900FE5DA3 /* Base */,
			);
			name = Main.storyboard;
			sourceTree = "<group>";
		};
		AA02B2E52203B2D200FE5DA3 /* LaunchScreen.storyboard */ = {
			isa = PBXVariantGroup;
			children = (
				AA02B2E62203B2D200FE5DA3 /* Base */,
			);
			name = LaunchScreen.storyboard;
			sourceTree = "<group>";
		};
/* End PBXVariantGroup section */

/* Begin XCBuildConfiguration section */
		AA02B2F42203B2D300FE5DA3 /* Debug */ = {
			isa = XCBuildConfiguration;
			buildSettings = {
				ALWAYS_SEARCH_USER_PATHS = NO;
				CLANG_ANALYZER_NONNULL = YES;
				CLANG_ANALYZER_NUMBER_OBJECT_CONVERSION = YES_AGGRESSIVE;
				CLANG_CXX_LANGUAGE_STANDARD = "gnu++14";
				CLANG_CXX_LIBRARY = "libc++";
				CLANG_ENABLE_MODULES = YES;
				CLANG_ENABLE_OBJC_ARC = YES;
				CLANG_ENABLE_OBJC_WEAK = YES;
				CLANG_WARN_BLOCK_CAPTURE_AUTORELEASING = YES;
				CLANG_WARN_BOOL_CONVERSION = YES;
				CLANG_WARN_COMMA = YES;
				CLANG_WARN_CONSTANT_CONVERSION = YES;
				CLANG_WARN_DEPRECATED_OBJC_IMPLEMENTATIONS = YES;
				CLANG_WARN_DIRECT_OBJC_ISA_USAGE = YES_ERROR;
				CLANG_WARN_DOCUMENTATION_COMMENTS = YES;
				CLANG_WARN_EMPTY_BODY = YES;
				CLANG_WARN_ENUM_CONVERSION = YES;
				CLANG_WARN_INFINITE_RECURSION = YES;
				CLANG_WARN_INT_CONVERSION = YES;
				CLANG_WARN_NON_LITERAL_NULL_CONVERSION = YES;
				CLANG_WARN_OBJC_IMPLICIT_RETAIN_SELF = YES;
				CLANG_WARN_OBJC_LITERAL_CONVERSION = YES;
				CLANG_WARN_OBJC_ROOT_CLASS = YES_ERROR;
				CLANG_WARN_RANGE_LOOP_ANALYSIS = YES;
				CLANG_WARN_STRICT_PROTOTYPES = YES;
				CLANG_WARN_SUSPICIOUS_MOVE = YES;
				CLANG_WARN_UNGUARDED_AVAILABILITY = YES_AGGRESSIVE;
				CLANG_WARN_UNREACHABLE_CODE = YES;
				CLANG_WARN__DUPLICATE_METHOD_MATCH = YES;
				CODE_SIGN_IDENTITY = "iPhone Developer";
				COPY_PHASE_STRIP = NO;
				DEBUG_INFORMATION_FORMAT = dwarf;
				ENABLE_STRICT_OBJC_MSGSEND = YES;
				ENABLE_TESTABILITY = YES;
				GCC_C_LANGUAGE_STANDARD = gnu11;
				GCC_DYNAMIC_NO_PIC = NO;
				GCC_NO_COMMON_BLOCKS = YES;
				GCC_OPTIMIZATION_LEVEL = 0;
				GCC_PREPROCESSOR_DEFINITIONS = (
					"DEBUG=1",
					"$(inherited)",
				);
				GCC_WARN_64_TO_32_BIT_CONVERSION = YES;
				GCC_WARN_ABOUT_RETURN_TYPE = YES_ERROR;
				GCC_WARN_UNDECLARED_SELECTOR = YES;
				GCC_WARN_UNINITIALIZED_AUTOS = YES_AGGRESSIVE;
				GCC_WARN_UNUSED_FUNCTION = YES;
				GCC_WARN_UNUSED_VARIABLE = YES;
				IPHONEOS_DEPLOYMENT_TARGET = 12.1;
				MTL_ENABLE_DEBUG_INFO = INCLUDE_SOURCE;
				MTL_FAST_MATH = YES;
				ONLY_ACTIVE_ARCH = YES;
				SDKROOT = iphoneos;
				SWIFT_ACTIVE_COMPILATION_CONDITIONS = DEBUG;
				SWIFT_OPTIMIZATION_LEVEL = "-Onone";
			};
			name = Debug;
		};
		AA02B2F52203B2D300FE5DA3 /* Release */ = {
			isa = XCBuildConfiguration;
			buildSettings = {
				ALWAYS_SEARCH_USER_PATHS = NO;
				CLANG_ANALYZER_NONNULL = YES;
				CLANG_ANALYZER_NUMBER_OBJECT_CONVERSION = YES_AGGRESSIVE;
				CLANG_CXX_LANGUAGE_STANDARD = "gnu++14";
				CLANG_CXX_LIBRARY = "libc++";
				CLANG_ENABLE_MODULES = YES;
				CLANG_ENABLE_OBJC_ARC = YES;
				CLANG_ENABLE_OBJC_WEAK = YES;
				CLANG_WARN_BLOCK_CAPTURE_AUTORELEASING = YES;
				CLANG_WARN_BOOL_CONVERSION = YES;
				CLANG_WARN_COMMA = YES;
				CLANG_WARN_CONSTANT_CONVERSION = YES;
				CLANG_WARN_DEPRECATED_OBJC_IMPLEMENTATIONS = YES;
				CLANG_WARN_DIRECT_OBJC_ISA_USAGE = YES_ERROR;
				CLANG_WARN_DOCUMENTATION_COMMENTS = YES;
				CLANG_WARN_EMPTY_BODY = YES;
				CLANG_WARN_ENUM_CONVERSION = YES;
				CLANG_WARN_INFINITE_RECURSION = YES;
				CLANG_WARN_INT_CONVERSION = YES;
				CLANG_WARN_NON_LITERAL_NULL_CONVERSION = YES;
				CLANG_WARN_OBJC_IMPLICIT_RETAIN_SELF = YES;
				CLANG_WARN_OBJC_LITERAL_CONVERSION = YES;
				CLANG_WARN_OBJC_ROOT_CLASS = YES_ERROR;
				CLANG_WARN_RANGE_LOOP_ANALYSIS = YES;
				CLANG_WARN_STRICT_PROTOTYPES = YES;
				CLANG_WARN_SUSPICIOUS_MOVE = YES;
				CLANG_WARN_UNGUARDED_AVAILABILITY = YES_AGGRESSIVE;
				CLANG_WARN_UNREACHABLE_CODE = YES;
				CLANG_WARN__DUPLICATE_METHOD_MATCH = YES;
				CODE_SIGN_IDENTITY = "iPhone Developer";
				COPY_PHASE_STRIP = NO;
				DEBUG_INFORMATION_FORMAT = "dwarf-with-dsym";
				ENABLE_NS_ASSERTIONS = NO;
				ENABLE_STRICT_OBJC_MSGSEND = YES;
				GCC_C_LANGUAGE_STANDARD = gnu11;
				GCC_NO_COMMON_BLOCKS = YES;
				GCC_WARN_64_TO_32_BIT_CONVERSION = YES;
				GCC_WARN_ABOUT_RETURN_TYPE = YES_ERROR;
				GCC_WARN_UNDECLARED_SELECTOR = YES;
				GCC_WARN_UNINITIALIZED_AUTOS = YES_AGGRESSIVE;
				GCC_WARN_UNUSED_FUNCTION = YES;
				GCC_WARN_UNUSED_VARIABLE = YES;
				IPHONEOS_DEPLOYMENT_TARGET = 12.1;
				MTL_ENABLE_DEBUG_INFO = NO;
				MTL_FAST_MATH = YES;
				SDKROOT = iphoneos;
				SWIFT_COMPILATION_MODE = wholemodule;
				SWIFT_OPTIMIZATION_LEVEL = "-O";
				VALIDATE_PRODUCT = YES;
			};
			name = Release;
		};
		AA02B2F72203B2D300FE5DA3 /* Debug */ = {
			isa = XCBuildConfiguration;
			buildSettings = {
				ASSETCATALOG_COMPILER_APPICON_NAME = AppIcon;
				CODE_SIGN_STYLE = Automatic;
				DEVELOPMENT_TEAM = 7X5UG5NGMS;
				INFOPLIST_FILE = CustomerRecords/Info.plist;
				LD_RUNPATH_SEARCH_PATHS = (
					"$(inherited)",
					"@executable_path/Frameworks",
				);
				PRODUCT_BUNDLE_IDENTIFIER = net.inovidea.CustomerRecords;
				PRODUCT_NAME = "$(TARGET_NAME)";
				SWIFT_VERSION = 4.2;
				TARGETED_DEVICE_FAMILY = "1,2";
			};
			name = Debug;
		};
		AA02B2F82203B2D300FE5DA3 /* Release */ = {
			isa = XCBuildConfiguration;
			buildSettings = {
				ASSETCATALOG_COMPILER_APPICON_NAME = AppIcon;
				CODE_SIGN_STYLE = Automatic;
				DEVELOPMENT_TEAM = 7X5UG5NGMS;
				INFOPLIST_FILE = CustomerRecords/Info.plist;
				LD_RUNPATH_SEARCH_PATHS = (
					"$(inherited)",
					"@executable_path/Frameworks",
				);
				PRODUCT_BUNDLE_IDENTIFIER = net.inovidea.CustomerRecords;
				PRODUCT_NAME = "$(TARGET_NAME)";
				SWIFT_VERSION = 4.2;
				TARGETED_DEVICE_FAMILY = "1,2";
			};
			name = Release;
		};
		AA02B2FA2203B2D300FE5DA3 /* Debug */ = {
			isa = XCBuildConfiguration;
			buildSettings = {
				ALWAYS_EMBED_SWIFT_STANDARD_LIBRARIES = YES;
				BUNDLE_LOADER = "$(TEST_HOST)";
				CODE_SIGN_STYLE = Automatic;
				DEVELOPMENT_TEAM = 7X5UG5NGMS;
				INFOPLIST_FILE = CustomerRecordsTests/Info.plist;
				LD_RUNPATH_SEARCH_PATHS = (
					"$(inherited)",
					"@executable_path/Frameworks",
					"@loader_path/Frameworks",
				);
				PRODUCT_BUNDLE_IDENTIFIER = net.inovidea.CustomerRecordsTests;
				PRODUCT_NAME = "$(TARGET_NAME)";
				SWIFT_VERSION = 4.2;
				TARGETED_DEVICE_FAMILY = "1,2";
				TEST_HOST = "$(BUILT_PRODUCTS_DIR)/CustomerRecords.app/CustomerRecords";
			};
			name = Debug;
		};
		AA02B2FB2203B2D300FE5DA3 /* Release */ = {
			isa = XCBuildConfiguration;
			buildSettings = {
				ALWAYS_EMBED_SWIFT_STANDARD_LIBRARIES = YES;
				BUNDLE_LOADER = "$(TEST_HOST)";
				CODE_SIGN_STYLE = Automatic;
				DEVELOPMENT_TEAM = 7X5UG5NGMS;
				INFOPLIST_FILE = CustomerRecordsTests/Info.plist;
				LD_RUNPATH_SEARCH_PATHS = (
					"$(inherited)",
					"@executable_path/Frameworks",
					"@loader_path/Frameworks",
				);
				PRODUCT_BUNDLE_IDENTIFIER = net.inovidea.CustomerRecordsTests;
				PRODUCT_NAME = "$(TARGET_NAME)";
				SWIFT_VERSION = 4.2;
				TARGETED_DEVICE_FAMILY = "1,2";
				TEST_HOST = "$(BUILT_PRODUCTS_DIR)/CustomerRecords.app/CustomerRecords";
			};
			name = Release;
		};
/* End XCBuildConfiguration section */

/* Begin XCConfigurationList section */
		AA02B2D42203B2C900FE5DA3 /* Build configuration list for PBXProject "CustomerRecords" */ = {
			isa = XCConfigurationList;
			buildConfigurations = (
				AA02B2F42203B2D300FE5DA3 /* Debug */,
				AA02B2F52203B2D300FE5DA3 /* Release */,
			);
			defaultConfigurationIsVisible = 0;
			defaultConfigurationName = Release;
		};
		AA02B2F62203B2D300FE5DA3 /* Build configuration list for PBXNativeTarget "CustomerRecords" */ = {
			isa = XCConfigurationList;
			buildConfigurations = (
				AA02B2F72203B2D300FE5DA3 /* Debug */,
				AA02B2F82203B2D300FE5DA3 /* Release */,
			);
			defaultConfigurationIsVisible = 0;
			defaultConfigurationName = Release;
		};
		AA02B2F92203B2D300FE5DA3 /* Build configuration list for PBXNativeTarget "CustomerRecordsTests" */ = {
			isa = XCConfigurationList;
			buildConfigurations = (
				AA02B2FA2203B2D300FE5DA3 /* Debug */,
				AA02B2FB2203B2D300FE5DA3 /* Release */,
			);
			defaultConfigurationIsVisible = 0;
			defaultConfigurationName = Release;
		};
/* End XCConfigurationList section */
	};
	rootObject = AA02B2D12203B2C900FE5DA3 /* Project object */;
}
